
Microsoft Visual Studio Solution File, Format Version 12.00
# Visual Studio 15
VisualStudioVersion = 15.0.27004.2008
MinimumVisualStudioVersion = 10.0.40219.1
Project("{FAE04EC0-301F-11D3-BF4B-00C04F79EFBC}") = "Influxer", "Influxer\Influxer.csproj", "{AE6ED8D0-EB9C-4CBE-B3CD-87E58D1FEE4D}"
EndProject
Project("{FAE04EC0-301F-11D3-BF4B-00C04F79EFBC}") = "Influxer.Test", "Influxer.Test\Influxer.Test.csproj", "{A1144ADC-F172-48F3-9628-B52B25C7C67D}"
EndProject
Project("{2150E333-8FDC-42A3-9474-1A3956D46DE8}") = "Solution Items", "Solution Items", "{A3616D98-22F6-46BD-8EEE-69629744FFCD}"
	ProjectSection(SolutionItems) = preProject
		appveyor.yml = appveyor.yml
		ChangeLog.md = ChangeLog.md
		README.md = README.md
	EndProjectSection
EndProject
Global
	GlobalSection(SolutionConfigurationPlatforms) = preSolution
		Debug|Any CPU = Debug|Any CPU
		Release|Any CPU = Release|Any CPU
	EndGlobalSection
	GlobalSection(ProjectConfigurationPlatforms) = postSolution
		{AE6ED8D0-EB9C-4CBE-B3CD-87E58D1FEE4D}.Debug|Any CPU.ActiveCfg = Debug|Any CPU
		{AE6ED8D0-EB9C-4CBE-B3CD-87E58D1FEE4D}.Debug|Any CPU.Build.0 = Debug|Any CPU
		{AE6ED8D0-EB9C-4CBE-B3CD-87E58D1FEE4D}.Release|Any CPU.ActiveCfg = Release|Any CPU
		{AE6ED8D0-EB9C-4CBE-B3CD-87E58D1FEE4D}.Release|Any CPU.Build.0 = Release|Any CPU
		{A1144ADC-F172-48F3-9628-B52B25C7C67D}.Debug|Any CPU.ActiveCfg = Debug|Any CPU
		{A1144ADC-F172-48F3-9628-B52B25C7C67D}.Debug|Any CPU.Build.0 = Debug|Any CPU
		{A1144ADC-F172-48F3-9628-B52B25C7C67D}.Release|Any CPU.ActiveCfg = Release|Any CPU
		{A1144ADC-F172-48F3-9628-B52B25C7C67D}.Release|Any CPU.Build.0 = Release|Any CPU
	EndGlobalSection
	GlobalSection(SolutionProperties) = preSolution
		HideSolutionNode = FALSE
	EndGlobalSection
	GlobalSection(ExtensibilityGlobals) = postSolution
		SolutionGuid = {38F4837A-639D-4C82-902B-22E82DA28E91}
	EndGlobalSection
EndGlobal
